<Solution>
  <Folder Name="/src/">
    <Project Path="src/Project.Api/Project.Api.csproj" />
    <Project Path="src/Project.Application/Project.Application.csproj" />
    <Project Path="src/Project.Domain/Project.Domain.csproj" />
    <Project Path="src/Project.Infrastructure/Project.Infrastructure.csproj" />
  </Folder>
</Solution>
